
Microsoft Visual Studio Solution File, Format Version 12.00
# Visual Studio Version 17
VisualStudioVersion = 17.9.34616.47
MinimumVisualStudioVersion = 10.0.40219.1
Project("{8BC9CEB8-8B4A-11D0-8D11-00A0C91BC942}") = "mbrStatik", "mbrStatik\mbrStatik.vcxproj", "{9558D26A-37A8-4770-97BF-9A7E7E82C92D}"
EndProject
Project("{8BC9CEB8-8B4A-11D0-8D11-00A0C91BC942}") = "Sfunc", "Sfunc\Sfunc.vcxproj", "{F3AA31C5-C1C2-47B2-AF1F-96FB9D119E27}"
EndProject
Global
	GlobalSection(SolutionConfigurationPlatforms) = preSolution
		Debug|x64 = Debug|x64
		Debug|x86 = Debug|x86
		Release|x64 = Release|x64
		Release|x86 = Release|x86
	EndGlobalSection
	GlobalSection(ProjectConfigurationPlatforms) = postSolution
		{9558D26A-37A8-4770-97BF-9A7E7E82C92D}.Debug|x64.ActiveCfg = Debug|x64
		{9558D26A-37A8-4770-97BF-9A7E7E82C92D}.Debug|x64.Build.0 = Debug|x64
		{9558D26A-37A8-4770-97BF-9A7E7E82C92D}.Debug|x86.ActiveCfg = Debug|Win32
		{9558D26A-37A8-4770-97BF-9A7E7E82C92D}.Debug|x86.Build.0 = Debug|Win32
		{9558D26A-37A8-4770-97BF-9A7E7E82C92D}.Release|x64.ActiveCfg = Release|x64
		{9558D26A-37A8-4770-97BF-9A7E7E82C92D}.Release|x64.Build.0 = Release|x64
		{9558D26A-37A8-4770-97BF-9A7E7E82C92D}.Release|x86.ActiveCfg = Release|Win32
		{9558D26A-37A8-4770-97BF-9A7E7E82C92D}.Release|x86.Build.0 = Release|Win32
		{F3AA31C5-C1C2-47B2-AF1F-96FB9D119E27}.Debug|x64.ActiveCfg = Debug|x64
		{F3AA31C5-C1C2-47B2-AF1F-96FB9D119E27}.Debug|x64.Build.0 = Debug|x64
		{F3AA31C5-C1C2-47B2-AF1F-96FB9D119E27}.Debug|x86.ActiveCfg = Debug|Win32
		{F3AA31C5-C1C2-47B2-AF1F-96FB9D119E27}.Debug|x86.Build.0 = Debug|Win32
		{F3AA31C5-C1C2-47B2-AF1F-96FB9D119E27}.Release|x64.ActiveCfg = Release|x64
		{F3AA31C5-C1C2-47B2-AF1F-96FB9D119E27}.Release|x64.Build.0 = Release|x64
		{F3AA31C5-C1C2-47B2-AF1F-96FB9D119E27}.Release|x86.ActiveCfg = Release|Win32
		{F3AA31C5-C1C2-47B2-AF1F-96FB9D119E27}.Release|x86.Build.0 = Release|Win32
	EndGlobalSection
	GlobalSection(SolutionProperties) = preSolution
		HideSolutionNode = FALSE
	EndGlobalSection
	GlobalSection(ExtensibilityGlobals) = postSolution
		SolutionGuid = {10684E72-9248-4CCA-89FA-C270EF9667BF}
	EndGlobalSection
EndGlobal
